
Microsoft Visual Studio Solution File, Format Version 12.00
# Visual Studio 15
VisualStudioVersion = 15.0.28307.329
MinimumVisualStudioVersion = 10.0.40219.1
Project("{FAE04EC0-301F-11D3-BF4B-00C04F79EFBC}") = "Task2", "Task2\Task2.csproj", "{AE47D7FE-D1EE-44F4-A905-0EEAC2C6ABEE}"
EndProject
Project("{FAE04EC0-301F-11D3-BF4B-00C04F79EFBC}") = "Task3", "Task3\Task3.csproj", "{DD6C12CF-852D-4C3B-9EF4-A155C071C1C6}"
EndProject
Project("{FAE04EC0-301F-11D3-BF4B-00C04F79EFBC}") = "Task4", "Task4\Task4.csproj", "{A0FC02FB-518E-4FA8-93EF-F533CB0820C3}"
EndProject
Project("{FAE04EC0-301F-11D3-BF4B-00C04F79EFBC}") = "Task1", "Task1\Task1.csproj", "{AD76B1AB-DFD6-4401-83CE-2215575ECC8F}"
EndProject
Global
	GlobalSection(SolutionConfigurationPlatforms) = preSolution
		Debug|Any CPU = Debug|Any CPU
		Release|Any CPU = Release|Any CPU
	EndGlobalSection
	GlobalSection(ProjectConfigurationPlatforms) = postSolution
		{AE47D7FE-D1EE-44F4-A905-0EEAC2C6ABEE}.Debug|Any CPU.ActiveCfg = Debug|Any CPU
		{AE47D7FE-D1EE-44F4-A905-0EEAC2C6ABEE}.Debug|Any CPU.Build.0 = Debug|Any CPU
		{AE47D7FE-D1EE-44F4-A905-0EEAC2C6ABEE}.Release|Any CPU.ActiveCfg = Release|Any CPU
		{AE47D7FE-D1EE-44F4-A905-0EEAC2C6ABEE}.Release|Any CPU.Build.0 = Release|Any CPU
		{DD6C12CF-852D-4C3B-9EF4-A155C071C1C6}.Debug|Any CPU.ActiveCfg = Debug|Any CPU
		{DD6C12CF-852D-4C3B-9EF4-A155C071C1C6}.Debug|Any CPU.Build.0 = Debug|Any CPU
		{DD6C12CF-852D-4C3B-9EF4-A155C071C1C6}.Release|Any CPU.ActiveCfg = Release|Any CPU
		{DD6C12CF-852D-4C3B-9EF4-A155C071C1C6}.Release|Any CPU.Build.0 = Release|Any CPU
		{A0FC02FB-518E-4FA8-93EF-F533CB0820C3}.Debug|Any CPU.ActiveCfg = Debug|Any CPU
		{A0FC02FB-518E-4FA8-93EF-F533CB0820C3}.Debug|Any CPU.Build.0 = Debug|Any CPU
		{A0FC02FB-518E-4FA8-93EF-F533CB0820C3}.Release|Any CPU.ActiveCfg = Release|Any CPU
		{A0FC02FB-518E-4FA8-93EF-F533CB0820C3}.Release|Any CPU.Build.0 = Release|Any CPU
		{AD76B1AB-DFD6-4401-83CE-2215575ECC8F}.Debug|Any CPU.ActiveCfg = Debug|Any CPU
		{AD76B1AB-DFD6-4401-83CE-2215575ECC8F}.Debug|Any CPU.Build.0 = Debug|Any CPU
		{AD76B1AB-DFD6-4401-83CE-2215575ECC8F}.Release|Any CPU.ActiveCfg = Release|Any CPU
		{AD76B1AB-DFD6-4401-83CE-2215575ECC8F}.Release|Any CPU.Build.0 = Release|Any CPU
	EndGlobalSection
	GlobalSection(SolutionProperties) = preSolution
		HideSolutionNode = FALSE
	EndGlobalSection
	GlobalSection(ExtensibilityGlobals) = postSolution
		SolutionGuid = {18133842-D44E-4314-903F-B7B634779977}
	EndGlobalSection
EndGlobal
